
Microsoft Visual Studio Solution File, Format Version 12.00
# Visual Studio Version 16
VisualStudioVersion = 16.0.31321.278
MinimumVisualStudioVersion = 10.0.40219.1
Project("{FAE04EC0-301F-11D3-BF4B-00C04F79EFBC}") = "CRSControlsLib", "CrsControls\CRSControlsLib.csproj", "{6543DFC4-7AA7-450A-A437-8D15B658FD6C}"
EndProject
Project("{FAE04EC0-301F-11D3-BF4B-00C04F79EFBC}") = "PT_GUI", "Main\PT_GUI.csproj", "{49E81BF1-CBD5-419B-8A96-76EE32EA1C64}"
EndProject
Global
	GlobalSection(SolutionConfigurationPlatforms) = preSolution
		Debug|Any CPU = Debug|Any CPU
		Release|Any CPU = Release|Any CPU
	EndGlobalSection
	GlobalSection(ProjectConfigurationPlatforms) = postSolution
		{6543DFC4-7AA7-450A-A437-8D15B658FD6C}.Debug|Any CPU.ActiveCfg = Debug|Any CPU
		{6543DFC4-7AA7-450A-A437-8D15B658FD6C}.Debug|Any CPU.Build.0 = Debug|Any CPU
		{6543DFC4-7AA7-450A-A437-8D15B658FD6C}.Release|Any CPU.ActiveCfg = Release|Any CPU
		{6543DFC4-7AA7-450A-A437-8D15B658FD6C}.Release|Any CPU.Build.0 = Release|Any CPU
		{49E81BF1-CBD5-419B-8A96-76EE32EA1C64}.Debug|Any CPU.ActiveCfg = Debug|Any CPU
		{49E81BF1-CBD5-419B-8A96-76EE32EA1C64}.Debug|Any CPU.Build.0 = Debug|Any CPU
		{49E81BF1-CBD5-419B-8A96-76EE32EA1C64}.Release|Any CPU.ActiveCfg = Release|Any CPU
		{49E81BF1-CBD5-419B-8A96-76EE32EA1C64}.Release|Any CPU.Build.0 = Release|Any CPU
	EndGlobalSection
	GlobalSection(SolutionProperties) = preSolution
		HideSolutionNode = FALSE
	EndGlobalSection
	GlobalSection(ExtensibilityGlobals) = postSolution
		SolutionGuid = {AA036EE1-9709-42D9-B2E5-D3F7C769423A}
	EndGlobalSection
EndGlobal
